
Microsoft Visual Studio Solution File, Format Version 12.00
# Visual Studio Version 17
VisualStudioVersion = 17.9.34728.123
MinimumVisualStudioVersion = 10.0.40219.1
Project("{FAE04EC0-301F-11D3-BF4B-00C04F79EFBC}") = "GameIStole", "GameIStole\GameIStole.csproj", "{D4B22154-C2A3-4094-98B3-EFA5BD8AE522}"
EndProject
Global
	GlobalSection(SolutionConfigurationPlatforms) = preSolution
		Debug|Any CPU = Debug|Any CPU
		Release|Any CPU = Release|Any CPU
	EndGlobalSection
	GlobalSection(ProjectConfigurationPlatforms) = postSolution
		{D4B22154-C2A3-4094-98B3-EFA5BD8AE522}.Debug|Any CPU.ActiveCfg = Debug|Any CPU
		{D4B22154-C2A3-4094-98B3-EFA5BD8AE522}.Debug|Any CPU.Build.0 = Debug|Any CPU
		{D4B22154-C2A3-4094-98B3-EFA5BD8AE522}.Release|Any CPU.ActiveCfg = Release|Any CPU
		{D4B22154-C2A3-4094-98B3-EFA5BD8AE522}.Release|Any CPU.Build.0 = Release|Any CPU
	EndGlobalSection
	GlobalSection(SolutionProperties) = preSolution
		HideSolutionNode = FALSE
	EndGlobalSection
	GlobalSection(ExtensibilityGlobals) = postSolution
		SolutionGuid = {2ECC956A-C2FC-46A5-8A46-DE9182719BBF}
	EndGlobalSection
EndGlobal
